
Microsoft Visual Studio Solution File, Format Version 12.00
# Visual Studio Version 17
VisualStudioVersion = 17.3.32901.215
MinimumVisualStudioVersion = 10.0.40219.1
Project("{FAE04EC0-301F-11D3-BF4B-00C04F79EFBC}") = "JuegoPokemon", "JuegoPokemon.csproj", "{039E6B79-1708-4CA9-B7D0-507FED5679D3}"
EndProject
Project("{FAE04EC0-301F-11D3-BF4B-00C04F79EFBC}") = "PokemonInterface", "..\PokemonInterface\PokemonInterface.csproj", "{8B0C7AAC-9FEF-48CE-A778-8663384FF6A2}"
EndProject
Global
	GlobalSection(SolutionConfigurationPlatforms) = preSolution
		Debug|Any CPU = Debug|Any CPU
		Release|Any CPU = Release|Any CPU
	EndGlobalSection
	GlobalSection(ProjectConfigurationPlatforms) = postSolution
		{039E6B79-1708-4CA9-B7D0-507FED5679D3}.Debug|Any CPU.ActiveCfg = Debug|Any CPU
		{039E6B79-1708-4CA9-B7D0-507FED5679D3}.Debug|Any CPU.Build.0 = Debug|Any CPU
		{039E6B79-1708-4CA9-B7D0-507FED5679D3}.Release|Any CPU.ActiveCfg = Release|Any CPU
		{039E6B79-1708-4CA9-B7D0-507FED5679D3}.Release|Any CPU.Build.0 = Release|Any CPU
		{8B0C7AAC-9FEF-48CE-A778-8663384FF6A2}.Debug|Any CPU.ActiveCfg = Debug|Any CPU
		{8B0C7AAC-9FEF-48CE-A778-8663384FF6A2}.Debug|Any CPU.Build.0 = Debug|Any CPU
		{8B0C7AAC-9FEF-48CE-A778-8663384FF6A2}.Release|Any CPU.ActiveCfg = Release|Any CPU
		{8B0C7AAC-9FEF-48CE-A778-8663384FF6A2}.Release|Any CPU.Build.0 = Release|Any CPU
	EndGlobalSection
	GlobalSection(SolutionProperties) = preSolution
		HideSolutionNode = FALSE
	EndGlobalSection
	GlobalSection(ExtensibilityGlobals) = postSolution
		SolutionGuid = {65D4B483-591D-42F9-9ADB-2787BB2DDB70}
	EndGlobalSection
EndGlobal
